
Microsoft Visual Studio Solution File, Format Version 12.00
# Visual Studio 15
VisualStudioVersion = 15.0.27004.2010
MinimumVisualStudioVersion = 10.0.40219.1
Project("{FAE04EC0-301F-11D3-BF4B-00C04F79EFBC}") = "Calculator_GAL1", "Calculator_GAL1\Calculator_GAL1.csproj", "{37199BA6-1722-4850-9224-83BD4AF98A63}"
EndProject
Global
	GlobalSection(SolutionConfigurationPlatforms) = preSolution
		Debug|Any CPU = Debug|Any CPU
		Release|Any CPU = Release|Any CPU
	EndGlobalSection
	GlobalSection(ProjectConfigurationPlatforms) = postSolution
		{37199BA6-1722-4850-9224-83BD4AF98A63}.Debug|Any CPU.ActiveCfg = Debug|Any CPU
		{37199BA6-1722-4850-9224-83BD4AF98A63}.Debug|Any CPU.Build.0 = Debug|Any CPU
		{37199BA6-1722-4850-9224-83BD4AF98A63}.Release|Any CPU.ActiveCfg = Release|Any CPU
		{37199BA6-1722-4850-9224-83BD4AF98A63}.Release|Any CPU.Build.0 = Release|Any CPU
	EndGlobalSection
	GlobalSection(SolutionProperties) = preSolution
		HideSolutionNode = FALSE
	EndGlobalSection
	GlobalSection(ExtensibilityGlobals) = postSolution
		SolutionGuid = {A9EA3352-56EE-46B5-9899-0BCB872EC4A9}
	EndGlobalSection
EndGlobal
